
Microsoft Visual Studio Solution File, Format Version 12.00
# Visual Studio 2012
Project("{FAE04EC0-301F-11D3-BF4B-00C04F79EFBC}") = "BowlingKataTest", "BowlingKataTest\BowlingKataTest.csproj", "{DE237CB6-87DC-475F-B682-A9276BF3F23F}"
EndProject
Project("{FAE04EC0-301F-11D3-BF4B-00C04F79EFBC}") = "BowllingKata", "BowlingKata\BowllingKata.csproj", "{86CB8E2F-C52C-40CF-87A1-13DBB243255C}"
EndProject
Global
	GlobalSection(SolutionConfigurationPlatforms) = preSolution
		Debug|Any CPU = Debug|Any CPU
		Release|Any CPU = Release|Any CPU
	EndGlobalSection
	GlobalSection(ProjectConfigurationPlatforms) = postSolution
		{DE237CB6-87DC-475F-B682-A9276BF3F23F}.Debug|Any CPU.ActiveCfg = Debug|Any CPU
		{DE237CB6-87DC-475F-B682-A9276BF3F23F}.Debug|Any CPU.Build.0 = Debug|Any CPU
		{DE237CB6-87DC-475F-B682-A9276BF3F23F}.Release|Any CPU.ActiveCfg = Release|Any CPU
		{DE237CB6-87DC-475F-B682-A9276BF3F23F}.Release|Any CPU.Build.0 = Release|Any CPU
		{86CB8E2F-C52C-40CF-87A1-13DBB243255C}.Debug|Any CPU.ActiveCfg = Debug|Any CPU
		{86CB8E2F-C52C-40CF-87A1-13DBB243255C}.Debug|Any CPU.Build.0 = Debug|Any CPU
		{86CB8E2F-C52C-40CF-87A1-13DBB243255C}.Release|Any CPU.ActiveCfg = Release|Any CPU
		{86CB8E2F-C52C-40CF-87A1-13DBB243255C}.Release|Any CPU.Build.0 = Release|Any CPU
	EndGlobalSection
	GlobalSection(SolutionProperties) = preSolution
		HideSolutionNode = FALSE
	EndGlobalSection
EndGlobal
